
Microsoft Visual Studio Solution File, Format Version 12.00
# Visual Studio Version 17
VisualStudioVersion = 17.0.31903.59
MinimumVisualStudioVersion = 10.0.40219.1
Project("{FAE04EC0-301F-11D3-BF4B-00C04F79EFBC}") = "DFH.Core", "DFH.Core\DFH.Core.csproj", "{94E405AF-0A5A-456F-91A7-26C3DF98E6C0}"
EndProject
Project("{FAE04EC0-301F-11D3-BF4B-00C04F79EFBC}") = "DFH.Core.Tests", "DFH.Core.Tests\DFH.Core.Tests.csproj", "{211F57BD-FF01-4929-8B47-FDAC56F46B6C}"
EndProject
Project("{FAE04EC0-301F-11D3-BF4B-00C04F79EFBC}") = "DFH.Desktop", "DFH.Desktop\DFH.Desktop.csproj", "{DDE0F467-A803-4EA5-8E2D-3CC421A368C1}"
EndProject
Project("{FAE04EC0-301F-11D3-BF4B-00C04F79EFBC}") = "DFH.Desktop.Tests", "DFH.Desktop.Tests\DFH.Desktop.Tests.csproj", "{77427FEA-36EF-4393-86BA-40F33C2C594D}"
EndProject
Global
	GlobalSection(SolutionConfigurationPlatforms) = preSolution
		Debug|Any CPU = Debug|Any CPU
		Debug|x64 = Debug|x64
		Debug|x86 = Debug|x86
		Release|Any CPU = Release|Any CPU
		Release|x64 = Release|x64
		Release|x86 = Release|x86
	EndGlobalSection
	GlobalSection(ProjectConfigurationPlatforms) = postSolution
		{94E405AF-0A5A-456F-91A7-26C3DF98E6C0}.Debug|Any CPU.ActiveCfg = Debug|Any CPU
		{94E405AF-0A5A-456F-91A7-26C3DF98E6C0}.Debug|Any CPU.Build.0 = Debug|Any CPU
		{94E405AF-0A5A-456F-91A7-26C3DF98E6C0}.Debug|x64.ActiveCfg = Debug|Any CPU
		{94E405AF-0A5A-456F-91A7-26C3DF98E6C0}.Debug|x64.Build.0 = Debug|Any CPU
		{94E405AF-0A5A-456F-91A7-26C3DF98E6C0}.Debug|x86.ActiveCfg = Debug|Any CPU
		{94E405AF-0A5A-456F-91A7-26C3DF98E6C0}.Debug|x86.Build.0 = Debug|Any CPU
		{94E405AF-0A5A-456F-91A7-26C3DF98E6C0}.Release|Any CPU.ActiveCfg = Release|Any CPU
		{94E405AF-0A5A-456F-91A7-26C3DF98E6C0}.Release|Any CPU.Build.0 = Release|Any CPU
		{94E405AF-0A5A-456F-91A7-26C3DF98E6C0}.Release|x64.ActiveCfg = Release|Any CPU
		{94E405AF-0A5A-456F-91A7-26C3DF98E6C0}.Release|x64.Build.0 = Release|Any CPU
		{94E405AF-0A5A-456F-91A7-26C3DF98E6C0}.Release|x86.ActiveCfg = Release|Any CPU
		{94E405AF-0A5A-456F-91A7-26C3DF98E6C0}.Release|x86.Build.0 = Release|Any CPU
		{211F57BD-FF01-4929-8B47-FDAC56F46B6C}.Debug|Any CPU.ActiveCfg = Debug|Any CPU
		{211F57BD-FF01-4929-8B47-FDAC56F46B6C}.Debug|Any CPU.Build.0 = Debug|Any CPU
		{211F57BD-FF01-4929-8B47-FDAC56F46B6C}.Debug|x64.ActiveCfg = Debug|Any CPU
		{211F57BD-FF01-4929-8B47-FDAC56F46B6C}.Debug|x64.Build.0 = Debug|Any CPU
		{211F57BD-FF01-4929-8B47-FDAC56F46B6C}.Debug|x86.ActiveCfg = Debug|Any CPU
		{211F57BD-FF01-4929-8B47-FDAC56F46B6C}.Debug|x86.Build.0 = Debug|Any CPU
		{211F57BD-FF01-4929-8B47-FDAC56F46B6C}.Release|Any CPU.ActiveCfg = Release|Any CPU
		{211F57BD-FF01-4929-8B47-FDAC56F46B6C}.Release|Any CPU.Build.0 = Release|Any CPU
		{211F57BD-FF01-4929-8B47-FDAC56F46B6C}.Release|x64.ActiveCfg = Release|Any CPU
		{211F57BD-FF01-4929-8B47-FDAC56F46B6C}.Release|x64.Build.0 = Release|Any CPU
		{211F57BD-FF01-4929-8B47-FDAC56F46B6C}.Release|x86.ActiveCfg = Release|Any CPU
		{211F57BD-FF01-4929-8B47-FDAC56F46B6C}.Release|x86.Build.0 = Release|Any CPU
		{DDE0F467-A803-4EA5-8E2D-3CC421A368C1}.Debug|Any CPU.ActiveCfg = Debug|Any CPU
		{DDE0F467-A803-4EA5-8E2D-3CC421A368C1}.Debug|Any CPU.Build.0 = Debug|Any CPU
		{DDE0F467-A803-4EA5-8E2D-3CC421A368C1}.Debug|x64.ActiveCfg = Debug|Any CPU
		{DDE0F467-A803-4EA5-8E2D-3CC421A368C1}.Debug|x64.Build.0 = Debug|Any CPU
		{DDE0F467-A803-4EA5-8E2D-3CC421A368C1}.Debug|x86.ActiveCfg = Debug|Any CPU
		{DDE0F467-A803-4EA5-8E2D-3CC421A368C1}.Debug|x86.Build.0 = Debug|Any CPU
		{DDE0F467-A803-4EA5-8E2D-3CC421A368C1}.Release|Any CPU.ActiveCfg = Release|Any CPU
		{DDE0F467-A803-4EA5-8E2D-3CC421A368C1}.Release|Any CPU.Build.0 = Release|Any CPU
		{DDE0F467-A803-4EA5-8E2D-3CC421A368C1}.Release|x64.ActiveCfg = Release|Any CPU
		{DDE0F467-A803-4EA5-8E2D-3CC421A368C1}.Release|x64.Build.0 = Release|Any CPU
		{DDE0F467-A803-4EA5-8E2D-3CC421A368C1}.Release|x86.ActiveCfg = Release|Any CPU
		{DDE0F467-A803-4EA5-8E2D-3CC421A368C1}.Release|x86.Build.0 = Release|Any CPU
		{77427FEA-36EF-4393-86BA-40F33C2C594D}.Debug|Any CPU.ActiveCfg = Debug|Any CPU
		{77427FEA-36EF-4393-86BA-40F33C2C594D}.Debug|Any CPU.Build.0 = Debug|Any CPU
		{77427FEA-36EF-4393-86BA-40F33C2C594D}.Debug|x64.ActiveCfg = Debug|Any CPU
		{77427FEA-36EF-4393-86BA-40F33C2C594D}.Debug|x64.Build.0 = Debug|Any CPU
		{77427FEA-36EF-4393-86BA-40F33C2C594D}.Debug|x86.ActiveCfg = Debug|Any CPU
		{77427FEA-36EF-4393-86BA-40F33C2C594D}.Debug|x86.Build.0 = Debug|Any CPU
		{77427FEA-36EF-4393-86BA-40F33C2C594D}.Release|Any CPU.ActiveCfg = Release|Any CPU
		{77427FEA-36EF-4393-86BA-40F33C2C594D}.Release|Any CPU.Build.0 = Release|Any CPU
		{77427FEA-36EF-4393-86BA-40F33C2C594D}.Release|x64.ActiveCfg = Release|Any CPU
		{77427FEA-36EF-4393-86BA-40F33C2C594D}.Release|x64.Build.0 = Release|Any CPU
		{77427FEA-36EF-4393-86BA-40F33C2C594D}.Release|x86.ActiveCfg = Release|Any CPU
		{77427FEA-36EF-4393-86BA-40F33C2C594D}.Release|x86.Build.0 = Release|Any CPU
	EndGlobalSection
	GlobalSection(SolutionProperties) = preSolution
		HideSolutionNode = FALSE
	EndGlobalSection
EndGlobal
